// !$*UTF8*$!
{
	archiveVersion = 1;
	classes = {
	};
	objectVersion = 46;
	objects = {

/* Begin PBXBuildFile section */
		845FC8C017AF349F008E97CE /* UIKit.framework in Frameworks */ = {isa = PBXBuildFile; fileRef = 845FC8BF17AF349F008E97CE /* UIKit.framework */; };
		845FC8C217AF349F008E97CE /* Foundation.framework in Frameworks */ = {isa = PBXBuildFile; fileRef = 845FC8C117AF349F008E97CE /* Foundation.framework */; };
		845FC8C417AF349F008E97CE /* CoreGraphics.framework in Frameworks */ = {isa = PBXBuildFile; fileRef = 845FC8C317AF349F008E97CE /* CoreGraphics.framework */; };
		845FC8CA17AF349F008E97CE /* InfoPlist.strings in Resources */ = {isa = PBXBuildFile; fileRef = 845FC8C817AF349F008E97CE /* InfoPlist.strings */; };
		845FC8CC17AF349F008E97CE /* main.m in Sources */ = {isa = PBXBuildFile; fileRef = 845FC8CB17AF349F008E97CE /* main.m */; };
		845FC8D017AF349F008E97CE /* AppDelegate.m in Sources */ = {isa = PBXBuildFile; fileRef = 845FC8CF17AF349F008E97CE /* AppDelegate.m */; };
		845FC8D217AF349F008E97CE /* Default.png in Resources */ = {isa = PBXBuildFile; fileRef = 845FC8D117AF349F008E97CE /* Default.png */; };
		845FC8D417AF349F008E97CE /* Default@2x.png in Resources */ = {isa = PBXBuildFile; fileRef = 845FC8D317AF349F008E97CE /* Default@2x.png */; };
		845FC8D617AF349F008E97CE /* Default-568h@2x.png in Resources */ = {isa = PBXBuildFile; fileRef = 845FC8D517AF349F008E97CE /* Default-568h@2x.png */; };
		845FC8D917AF349F008E97CE /* MainStoryboard_iPhone.storyboard in Resources */ = {isa = PBXBuildFile; fileRef = 845FC8D717AF349F008E97CE /* MainStoryboard_iPhone.storyboard */; };
		845FC8DC17AF349F008E97CE /* MainStoryboard_iPad.storyboard in Resources */ = {isa = PBXBuildFile; fileRef = 845FC8DA17AF349F008E97CE /* MainStoryboard_iPad.storyboard */; };
		845FC8DF17AF349F008E97CE /* ViewController.m in Sources */ = {isa = PBXBuildFile; fileRef = 845FC8DE17AF349F008E97CE /* ViewController.m */; };
		845FC8E717AF349F008E97CE /* SenTestingKit.framework in Frameworks */ = {isa = PBXBuildFile; fileRef = 845FC8E617AF349F008E97CE /* SenTestingKit.framework */; };
		845FC8E817AF349F008E97CE /* UIKit.framework in Frameworks */ = {isa = PBXBuildFile; fileRef = 845FC8BF17AF349F008E97CE /* UIKit.framework */; };
		845FC8E917AF349F008E97CE /* Foundation.framework in Frameworks */ = {isa = PBXBuildFile; fileRef = 845FC8C117AF349F008E97CE /* Foundation.framework */; };
		845FC8F117AF349F008E97CE /* InfoPlist.strings in Resources */ = {isa = PBXBuildFile; fileRef = 845FC8EF17AF349F008E97CE /* InfoPlist.strings */; };
		845FC8F417AF349F008E97CE /* HJImagesToVideoDemoTests.m in Sources */ = {isa = PBXBuildFile; fileRef = 845FC8F317AF349F008E97CE /* HJImagesToVideoDemoTests.m */; };
/* End PBXBuildFile section */

/* Begin PBXContainerItemProxy section */
		845FC8EA17AF349F008E97CE /* PBXContainerItemProxy */ = {
			isa = PBXContainerItemProxy;
			containerPortal = 845FC8B417AF349F008E97CE /* Project object */;
			proxyType = 1;
			remoteGlobalIDString = 845FC8BB17AF349F008E97CE;
			remoteInfo = HJImagesToVideoDemo;
		};
/* End PBXContainerItemProxy section */

/* Begin PBXFileReference section */
		845FC8BC17AF349F008E97CE /* HJImagesToVideoDemo.app */ = {isa = PBXFileReference; explicitFileType = wrapper.application; includeInIndex = 0; path = HJImagesToVideoDemo.app; sourceTree = BUILT_PRODUCTS_DIR; };
		845FC8BF17AF349F008E97CE /* UIKit.framework */ = {isa = PBXFileReference; lastKnownFileType = wrapper.framework; name = UIKit.framework; path = System/Library/Frameworks/UIKit.framework; sourceTree = SDKROOT; };
		845FC8C117AF349F008E97CE /* Foundation.framework */ = {isa = PBXFileReference; lastKnownFileType = wrapper.framework; name = Foundation.framework; path = System/Library/Frameworks/Foundation.framework; sourceTree = SDKROOT; };
		845FC8C317AF349F008E97CE /* CoreGraphics.framework */ = {isa = PBXFileReference; lastKnownFileType = wrapper.framework; name = CoreGraphics.framework; path = System/Library/Frameworks/CoreGraphics.framework; sourceTree = SDKROOT; };
		845FC8C717AF349F008E97CE /* HJImagesToVideoDemo-Info.plist */ = {isa = PBXFileReference; lastKnownFileType = text.plist.xml; path = "HJImagesToVideoDemo-Info.plist"; sourceTree = "<group>"; };
		845FC8C917AF349F008E97CE /* en */ = {isa = PBXFileReference; lastKnownFileType = text.plist.strings; name = en; path = en.lproj/InfoPlist.strings; sourceTree = "<group>"; };
		845FC8CB17AF349F008E97CE /* main.m */ = {isa = PBXFileReference; lastKnownFileType = sourcecode.c.objc; path = main.m; sourceTree = "<group>"; };
		845FC8CD17AF349F008E97CE /* HJImagesToVideoDemo-Prefix.pch */ = {isa = PBXFileReference; lastKnownFileType = sourcecode.c.h; path = "HJImagesToVideoDemo-Prefix.pch"; sourceTree = "<group>"; };
		845FC8CE17AF349F008E97CE /* AppDelegate.h */ = {isa = PBXFileReference; lastKnownFileType = sourcecode.c.h; path = AppDelegate.h; sourceTree = "<group>"; };
		845FC8CF17AF349F008E97CE /* AppDelegate.m */ = {isa = PBXFileReference; lastKnownFileType = sourcecode.c.objc; path = AppDelegate.m; sourceTree = "<group>"; };
		845FC8D117AF349F008E97CE /* Default.png */ = {isa = PBXFileReference; lastKnownFileType = image.png; path = Default.png; sourceTree = "<group>"; };
		845FC8D317AF349F008E97CE /* Default@2x.png */ = {isa = PBXFileReference; lastKnownFileType = image.png; path = "Default@2x.png"; sourceTree = "<group>"; };
		845FC8D517AF349F008E97CE /* Default-568h@2x.png */ = {isa = PBXFileReference; lastKnownFileType = image.png; path = "Default-568h@2x.png"; sourceTree = "<group>"; };
		845FC8D817AF349F008E97CE /* en */ = {isa = PBXFileReference; lastKnownFileType = file.storyboard; name = en; path = en.lproj/MainStoryboard_iPhone.storyboard; sourceTree = "<group>"; };
		845FC8DB17AF349F008E97CE /* en */ = {isa = PBXFileReference; lastKnownFileType = file.storyboard; name = en; path = en.lproj/MainStoryboard_iPad.storyboard; sourceTree = "<group>"; };
		845FC8DD17AF349F008E97CE /* ViewController.h */ = {isa = PBXFileReference; lastKnownFileType = sourcecode.c.h; path = ViewController.h; sourceTree = "<group>"; };
		845FC8DE17AF349F008E97CE /* ViewController.m */ = {isa = PBXFileReference; lastKnownFileType = sourcecode.c.objc; path = ViewController.m; sourceTree = "<group>"; };
		845FC8E517AF349F008E97CE /* HJImagesToVideoDemoTests.octest */ = {isa = PBXFileReference; explicitFileType = wrapper.cfbundle; includeInIndex = 0; path = HJImagesToVideoDemoTests.octest; sourceTree = BUILT_PRODUCTS_DIR; };
		845FC8E617AF349F008E97CE /* SenTestingKit.framework */ = {isa = PBXFileReference; lastKnownFileType = wrapper.framework; name = SenTestingKit.framework; path = Library/Frameworks/SenTestingKit.framework; sourceTree = DEVELOPER_DIR; };
		845FC8EE17AF349F008E97CE /* HJImagesToVideoDemoTests-Info.plist */ = {isa = PBXFileReference; lastKnownFileType = text.plist.xml; path = "HJImagesToVideoDemoTests-Info.plist"; sourceTree = "<group>"; };
		845FC8F017AF349F008E97CE /* en */ = {isa = PBXFileReference; lastKnownFileType = text.plist.strings; name = en; path = en.lproj/InfoPlist.strings; sourceTree = "<group>"; };
		845FC8F217AF349F008E97CE /* HJImagesToVideoDemoTests.h */ = {isa = PBXFileReference; lastKnownFileType = sourcecode.c.h; path = HJImagesToVideoDemoTests.h; sourceTree = "<group>"; };
		845FC8F317AF349F008E97CE /* HJImagesToVideoDemoTests.m */ = {isa = PBXFileReference; lastKnownFileType = sourcecode.c.objc; path = HJImagesToVideoDemoTests.m; sourceTree = "<group>"; };
/* End PBXFileReference section */

/* Begin PBXFrameworksBuildPhase section */
		845FC8B917AF349F008E97CE /* Frameworks */ = {
			isa = PBXFrameworksBuildPhase;
			buildActionMask = 2147483647;
			files = (
				845FC8C017AF349F008E97CE /* UIKit.framework in Frameworks */,
				845FC8C217AF349F008E97CE /* Foundation.framework in Frameworks */,
				845FC8C417AF349F008E97CE /* CoreGraphics.framework in Frameworks */,
			);
			runOnlyForDeploymentPostprocessing = 0;
		};
		845FC8E117AF349F008E97CE /* Frameworks */ = {
			isa = PBXFrameworksBuildPhase;
			buildActionMask = 2147483647;
			files = (
				845FC8E717AF349F008E97CE /* SenTestingKit.framework in Frameworks */,
				845FC8E817AF349F008E97CE /* UIKit.framework in Frameworks */,
				845FC8E917AF349F008E97CE /* Foundation.framework in Frameworks */,
			);
			runOnlyForDeploymentPostprocessing = 0;
		};
/* End PBXFrameworksBuildPhase section */

/* Begin PBXGroup section */
		845FC8B317AF349F008E97CE = {
			isa = PBXGroup;
			children = (
				845FC8C517AF349F008E97CE /* HJImagesToVideoDemo */,
				845FC8EC17AF349F008E97CE /* HJImagesToVideoDemoTests */,
				845FC8BE17AF349F008E97CE /* Frameworks */,
				845FC8BD17AF349F008E97CE /* Products */,
			);
			sourceTree = "<group>";
		};
		845FC8BD17AF349F008E97CE /* Products */ = {
			isa = PBXGroup;
			children = (
				845FC8BC17AF349F008E97CE /* HJImagesToVideoDemo.app */,
				845FC8E517AF349F008E97CE /* HJImagesToVideoDemoTests.octest */,
			);
			name = Products;
			sourceTree = "<group>";
		};
		845FC8BE17AF349F008E97CE /* Frameworks */ = {
			isa = PBXGroup;
			children = (
				845FC8BF17AF349F008E97CE /* UIKit.framework */,
				845FC8C117AF349F008E97CE /* Foundation.framework */,
				845FC8C317AF349F008E97CE /* CoreGraphics.framework */,
				845FC8E617AF349F008E97CE /* SenTestingKit.framework */,
			);
			name = Frameworks;
			sourceTree = "<group>";
		};
		845FC8C517AF349F008E97CE /* HJImagesToVideoDemo */ = {
			isa = PBXGroup;
			children = (
				845FC8CE17AF349F008E97CE /* AppDelegate.h */,
				845FC8CF17AF349F008E97CE /* AppDelegate.m */,
				845FC8D717AF349F008E97CE /* MainStoryboard_iPhone.storyboard */,
				845FC8DA17AF349F008E97CE /* MainStoryboard_iPad.storyboard */,
				845FC8DD17AF349F008E97CE /* ViewController.h */,
				845FC8DE17AF349F008E97CE /* ViewController.m */,
				845FC8C617AF349F008E97CE /* Supporting Files */,
			);
			path = HJImagesToVideoDemo;
			sourceTree = "<group>";
		};
		845FC8C617AF349F008E97CE /* Supporting Files */ = {
			isa = PBXGroup;
			children = (
				845FC8C717AF349F008E97CE /* HJImagesToVideoDemo-Info.plist */,
				845FC8C817AF349F008E97CE /* InfoPlist.strings */,
				845FC8CB17AF349F008E97CE /* main.m */,
				845FC8CD17AF349F008E97CE /* HJImagesToVideoDemo-Prefix.pch */,
				845FC8D117AF349F008E97CE /* Default.png */,
				845FC8D317AF349F008E97CE /* Default@2x.png */,
				845FC8D517AF349F008E97CE /* Default-568h@2x.png */,
			);
			name = "Supporting Files";
			sourceTree = "<group>";
		};
		845FC8EC17AF349F008E97CE /* HJImagesToVideoDemoTests */ = {
			isa = PBXGroup;
			children = (
				845FC8F217AF349F008E97CE /* HJImagesToVideoDemoTests.h */,
				845FC8F317AF349F008E97CE /* HJImagesToVideoDemoTests.m */,
				845FC8ED17AF349F008E97CE /* Supporting Files */,
			);
			path = HJImagesToVideoDemoTests;
			sourceTree = "<group>";
		};
		845FC8ED17AF349F008E97CE /* Supporting Files */ = {
			isa = PBXGroup;
			children = (
				845FC8EE17AF349F008E97CE /* HJImagesToVideoDemoTests-Info.plist */,
				845FC8EF17AF349F008E97CE /* InfoPlist.strings */,
			);
			name = "Supporting Files";
			sourceTree = "<group>";
		};
/* End PBXGroup section */

/* Begin PBXNativeTarget section */
		845FC8BB17AF349F008E97CE /* HJImagesToVideoDemo */ = {
			isa = PBXNativeTarget;
			buildConfigurationList = 845FC8F717AF349F008E97CE /* Build configuration list for PBXNativeTarget "HJImagesToVideoDemo" */;
			buildPhases = (
				845FC8B817AF349F008E97CE /* Sources */,
				845FC8B917AF349F008E97CE /* Frameworks */,
				845FC8BA17AF349F008E97CE /* Resources */,
			);
			buildRules = (
			);
			dependencies = (
			);
			name = HJImagesToVideoDemo;
			productName = HJImagesToVideoDemo;
			productReference = 845FC8BC17AF349F008E97CE /* HJImagesToVideoDemo.app */;
			productType = "com.apple.product-type.application";
		};
		845FC8E417AF349F008E97CE /* HJImagesToVideoDemoTests */ = {
			isa = PBXNativeTarget;
			buildConfigurationList = 845FC8FA17AF349F008E97CE /* Build configuration list for PBXNativeTarget "HJImagesToVideoDemoTests" */;
			buildPhases = (
				845FC8E017AF349F008E97CE /* Sources */,
				845FC8E117AF349F008E97CE /* Frameworks */,
				845FC8E217AF349F008E97CE /* Resources */,
				845FC8E317AF349F008E97CE /* ShellScript */,
			);
			buildRules = (
			);
			dependencies = (
				845FC8EB17AF349F008E97CE /* PBXTargetDependency */,
			);
			name = HJImagesToVideoDemoTests;
			productName = HJImagesToVideoDemoTests;
			productReference = 845FC8E517AF349F008E97CE /* HJImagesToVideoDemoTests.octest */;
			productType = "com.apple.product-type.bundle";
		};
/* End PBXNativeTarget section */

/* Begin PBXProject section */
		845FC8B417AF349F008E97CE /* Project object */ = {
			isa = PBXProject;
			attributes = {
				LastUpgradeCheck = 0460;
				ORGANIZATIONNAME = "Harrison Jackson";
			};
			buildConfigurationList = 845FC8B717AF349F008E97CE /* Build configuration list for PBXProject "HJImagesToVideoDemo" */;
			compatibilityVersion = "Xcode 3.2";
			developmentRegion = English;
			hasScannedForEncodings = 0;
			knownRegions = (
				en,
			);
			mainGroup = 845FC8B317AF349F008E97CE;
			productRefGroup = 845FC8BD17AF349F008E97CE /* Products */;
			projectDirPath = "";
			projectRoot = "";
			targets = (
				845FC8BB17AF349F008E97CE /* HJImagesToVideoDemo */,
				845FC8E417AF349F008E97CE /* HJImagesToVideoDemoTests */,
			);
		};
/* End PBXProject section */

/* Begin PBXResourcesBuildPhase section */
		845FC8BA17AF349F008E97CE /* Resources */ = {
			isa = PBXResourcesBuildPhase;
			buildActionMask = 2147483647;
			files = (
				845FC8CA17AF349F008E97CE /* InfoPlist.strings in Resources */,
				845FC8D217AF349F008E97CE /* Default.png in Resources */,
				845FC8D417AF349F008E97CE /* Default@2x.png in Resources */,
				845FC8D617AF349F008E97CE /* Default-568h@2x.png in Resources */,
				845FC8D917AF349F008E97CE /* MainStoryboard_iPhone.storyboard in Resources */,
				845FC8DC17AF349F008E97CE /* MainStoryboard_iPad.storyboard in Resources */,
			);
			runOnlyForDeploymentPostprocessing = 0;
		};
		845FC8E217AF349F008E97CE /* Resources */ = {
			isa = PBXResourcesBuildPhase;
			buildActionMask = 2147483647;
			files = (
				845FC8F117AF349F008E97CE /* InfoPlist.strings in Resources */,
			);
			runOnlyForDeploymentPostprocessing = 0;
		};
/* End PBXResourcesBuildPhase section */

/* Begin PBXShellScriptBuildPhase section */
		845FC8E317AF349F008E97CE /* ShellScript */ = {
			isa = PBXShellScriptBuildPhase;
			buildActionMask = 2147483647;
			files = (
			);
			inputPaths = (
			);
			outputPaths = (
			);
			runOnlyForDeploymentPostprocessing = 0;
			shellPath = /bin/sh;
			shellScript = "# Run the unit tests in this test bundle.\n\"${SYSTEM_DEVELOPER_DIR}/Tools/RunUnitTests\"\n";
		};
/* End PBXShellScriptBuildPhase section */

/* Begin PBXSourcesBuildPhase section */
		845FC8B817AF349F008E97CE /* Sources */ = {
			isa = PBXSourcesBuildPhase;
			buildActionMask = 2147483647;
			files = (
				845FC8CC17AF349F008E97CE /* main.m in Sources */,
				845FC8D017AF349F008E97CE /* AppDelegate.m in Sources */,
				845FC8DF17AF349F008E97CE /* ViewController.m in Sources */,
			);
			runOnlyForDeploymentPostprocessing = 0;
		};
		845FC8E017AF349F008E97CE /* Sources */ = {
			isa = PBXSourcesBuildPhase;
			buildActionMask = 2147483647;
			files = (
				845FC8F417AF349F008E97CE /* HJImagesToVideoDemoTests.m in Sources */,
			);
			runOnlyForDeploymentPostprocessing = 0;
		};
/* End PBXSourcesBuildPhase section */

/* Begin PBXTargetDependency section */
		845FC8EB17AF349F008E97CE /* PBXTargetDependency */ = {
			isa = PBXTargetDependency;
			target = 845FC8BB17AF349F008E97CE /* HJImagesToVideoDemo */;
			targetProxy = 845FC8EA17AF349F008E97CE /* PBXContainerItemProxy */;
		};
/* End PBXTargetDependency section */

/* Begin PBXVariantGroup section */
		845FC8C817AF349F008E97CE /* InfoPlist.strings */ = {
			isa = PBXVariantGroup;
			children = (
				845FC8C917AF349F008E97CE /* en */,
			);
			name = InfoPlist.strings;
			sourceTree = "<group>";
		};
		845FC8D717AF349F008E97CE /* MainStoryboard_iPhone.storyboard */ = {
			isa = PBXVariantGroup;
			children = (
				845FC8D817AF349F008E97CE /* en */,
			);
			name = MainStoryboard_iPhone.storyboard;
			sourceTree = "<group>";
		};
		845FC8DA17AF349F008E97CE /* MainStoryboard_iPad.storyboard */ = {
			isa = PBXVariantGroup;
			children = (
				845FC8DB17AF349F008E97CE /* en */,
			);
			name = MainStoryboard_iPad.storyboard;
			sourceTree = "<group>";
		};
		845FC8EF17AF349F008E97CE /* InfoPlist.strings */ = {
			isa = PBXVariantGroup;
			children = (
				845FC8F017AF349F008E97CE /* en */,
			);
			name = InfoPlist.strings;
			sourceTree = "<group>";
		};
/* End PBXVariantGroup section */

/* Begin XCBuildConfiguration section */
		845FC8F517AF349F008E97CE /* Debug */ = {
			isa = XCBuildConfiguration;
			buildSettings = {
				ALWAYS_SEARCH_USER_PATHS = NO;
				CLANG_CXX_LANGUAGE_STANDARD = "gnu++0x";
				CLANG_CXX_LIBRARY = "libc++";
				CLANG_ENABLE_OBJC_ARC = YES;
				CLANG_WARN_CONSTANT_CONVERSION = YES;
				CLANG_WARN_EMPTY_BODY = YES;
				CLANG_WARN_ENUM_CONVERSION = YES;
				CLANG_WARN_INT_CONVERSION = YES;
				CLANG_WARN__DUPLICATE_METHOD_MATCH = YES;
				"CODE_SIGN_IDENTITY[sdk=iphoneos*]" = "iPhone Developer";
				COPY_PHASE_STRIP = NO;
				GCC_C_LANGUAGE_STANDARD = gnu99;
				GCC_DYNAMIC_NO_PIC = NO;
				GCC_OPTIMIZATION_LEVEL = 0;
				GCC_PREPROCESSOR_DEFINITIONS = (
					"DEBUG=1",
					"$(inherited)",
				);
				GCC_SYMBOLS_PRIVATE_EXTERN = NO;
				GCC_WARN_ABOUT_RETURN_TYPE = YES;
				GCC_WARN_UNINITIALIZED_AUTOS = YES;
				GCC_WARN_UNUSED_VARIABLE = YES;
				IPHONEOS_DEPLOYMENT_TARGET = 6.1;
				ONLY_ACTIVE_ARCH = YES;
				SDKROOT = iphoneos;
				TARGETED_DEVICE_FAMILY = "1,2";
			};
			name = Debug;
		};
		845FC8F617AF349F008E97CE /* Release */ = {
			isa = XCBuildConfiguration;
			buildSettings = {
				ALWAYS_SEARCH_USER_PATHS = NO;
				CLANG_CXX_LANGUAGE_STANDARD = "gnu++0x";
				CLANG_CXX_LIBRARY = "libc++";
				CLANG_ENABLE_OBJC_ARC = YES;
				CLANG_WARN_CONSTANT_CONVERSION = YES;
				CLANG_WARN_EMPTY_BODY = YES;
				CLANG_WARN_ENUM_CONVERSION = YES;
				CLANG_WARN_INT_CONVERSION = YES;
				CLANG_WARN__DUPLICATE_METHOD_MATCH = YES;
				"CODE_SIGN_IDENTITY[sdk=iphoneos*]" = "iPhone Developer";
				COPY_PHASE_STRIP = YES;
				GCC_C_LANGUAGE_STANDARD = gnu99;
				GCC_WARN_ABOUT_RETURN_TYPE = YES;
				GCC_WARN_UNINITIALIZED_AUTOS = YES;
				GCC_WARN_UNUSED_VARIABLE = YES;
				IPHONEOS_DEPLOYMENT_TARGET = 6.1;
				OTHER_CFLAGS = "-DNS_BLOCK_ASSERTIONS=1";
				SDKROOT = iphoneos;
				TARGETED_DEVICE_FAMILY = "1,2";
				VALIDATE_PRODUCT = YES;
			};
			name = Release;
		};
		845FC8F817AF349F008E97CE /* Debug */ = {
			isa = XCBuildConfiguration;
			buildSettings = {
				GCC_PRECOMPILE_PREFIX_HEADER = YES;
				GCC_PREFIX_HEADER = "HJImagesToVideoDemo/HJImagesToVideoDemo-Prefix.pch";
				INFOPLIST_FILE = "HJImagesToVideoDemo/HJImagesToVideoDemo-Info.plist";
				PRODUCT_NAME = "$(TARGET_NAME)";
				WRAPPER_EXTENSION = app;
			};
			name = Debug;
		};
		845FC8F917AF349F008E97CE /* Release */ = {
			isa = XCBuildConfiguration;
			buildSettings = {
				GCC_PRECOMPILE_PREFIX_HEADER = YES;
				GCC_PREFIX_HEADER = "HJImagesToVideoDemo/HJImagesToVideoDemo-Prefix.pch";
				INFOPLIST_FILE = "HJImagesToVideoDemo/HJImagesToVideoDemo-Info.plist";
				PRODUCT_NAME = "$(TARGET_NAME)";
				WRAPPER_EXTENSION = app;
			};
			name = Release;
		};
		845FC8FB17AF349F008E97CE /* Debug */ = {
			isa = XCBuildConfiguration;
			buildSettings = {
				BUNDLE_LOADER = "$(BUILT_PRODUCTS_DIR)/HJImagesToVideoDemo.app/HJImagesToVideoDemo";
				FRAMEWORK_SEARCH_PATHS = (
					"\"$(SDKROOT)/Developer/Library/Frameworks\"",
					"\"$(DEVELOPER_LIBRARY_DIR)/Frameworks\"",
				);
				GCC_PRECOMPILE_PREFIX_HEADER = YES;
				GCC_PREFIX_HEADER = "HJImagesToVideoDemo/HJImagesToVideoDemo-Prefix.pch";
				INFOPLIST_FILE = "HJImagesToVideoDemoTests/HJImagesToVideoDemoTests-Info.plist";
				PRODUCT_NAME = "$(TARGET_NAME)";
				TEST_HOST = "$(BUNDLE_LOADER)";
				WRAPPER_EXTENSION = octest;
			};
			name = Debug;
		};
		845FC8FC17AF349F008E97CE /* Release */ = {
			isa = XCBuildConfiguration;
			buildSettings = {
				BUNDLE_LOADER = "$(BUILT_PRODUCTS_DIR)/HJImagesToVideoDemo.app/HJImagesToVideoDemo";
				FRAMEWORK_SEARCH_PATHS = (
					"\"$(SDKROOT)/Developer/Library/Frameworks\"",
					"\"$(DEVELOPER_LIBRARY_DIR)/Frameworks\"",
				);
				GCC_PRECOMPILE_PREFIX_HEADER = YES;
				GCC_PREFIX_HEADER = "HJImagesToVideoDemo/HJImagesToVideoDemo-Prefix.pch";
				INFOPLIST_FILE = "HJImagesToVideoDemoTests/HJImagesToVideoDemoTests-Info.plist";
				PRODUCT_NAME = "$(TARGET_NAME)";
				TEST_HOST = "$(BUNDLE_LOADER)";
				WRAPPER_EXTENSION = octest;
			};
			name = Release;
		};
/* End XCBuildConfiguration section */

/* Begin XCConfigurationList section */
		845FC8B717AF349F008E97CE /* Build configuration list for PBXProject "HJImagesToVideoDemo" */ = {
			isa = XCConfigurationList;
			buildConfigurations = (
				845FC8F517AF349F008E97CE /* Debug */,
				845FC8F617AF349F008E97CE /* Release */,
			);
			defaultConfigurationIsVisible = 0;
			defaultConfigurationName = Release;
		};
		845FC8F717AF349F008E97CE /* Build configuration list for PBXNativeTarget "HJImagesToVideoDemo" */ = {
			isa = XCConfigurationList;
			buildConfigurations = (
				845FC8F817AF349F008E97CE /* Debug */,
				845FC8F917AF349F008E97CE /* Release */,
			);
			defaultConfigurationIsVisible = 0;
		};
		845FC8FA17AF349F008E97CE /* Build configuration list for PBXNativeTarget "HJImagesToVideoDemoTests" */ = {
			isa = XCConfigurationList;
			buildConfigurations = (
				845FC8FB17AF349F008E97CE /* Debug */,
				845FC8FC17AF349F008E97CE /* Release */,
			);
			defaultConfigurationIsVisible = 0;
		};
/* End XCConfigurationList section */
	};
	rootObject = 845FC8B417AF349F008E97CE /* Project object */;
}
